{
  "requires": true,
  "lockfileVersion": 1,
  "dependencies": {
    "imgcache.js": {
      "version": "1.1.1",
      "resolved": "https://registry.npmjs.org/imgcache.js/-/imgcache.js-1.1.1.tgz",
      "integrity": "sha1-iugY580MNAjAXR0PkwJad7PLzKA="
    },
    "ng-imgcache": {
      "version": "1.0.1",
      "resolved": "https://registry.npmjs.org/ng-imgcache/-/ng-imgcache-1.0.1.tgz",
      "integrity": "sha1-gP+siOB4yzxQV3Ny39KUyqlpE6c=",
      "requires": {
        "imgcache.js": "1.1.1"
      }
    }
  }
}
